
Microsoft Visual Studio Solution File, Format Version 12.00
# Visual Studio 15
VisualStudioVersion = 15.0.28306.52
MinimumVisualStudioVersion = 10.0.40219.1
Project("{FAE04EC0-301F-11D3-BF4B-00C04F79EFBC}") = "KeyPress", "KeyPress\KeyPress.csproj", "{642C6B51-288A-4346-9432-C5B0DD56D53C}"
EndProject
Project("{FAE04EC0-301F-11D3-BF4B-00C04F79EFBC}") = "TestKeyAction", "TestKeyPress\TestKeyAction.csproj", "{9E5CB8D3-81D9-47F2-A1DD-4A47D844EB2C}"
EndProject
Project("{FAE04EC0-301F-11D3-BF4B-00C04F79EFBC}") = "InputActions", "KeyAction\InputActions.csproj", "{B8DF0CCE-FFC7-46C2-88C9-90E28B7D7771}"
EndProject
Project("{FAE04EC0-301F-11D3-BF4B-00C04F79EFBC}") = "InputCapturePlayUi", "InputCapturePlayUi\InputCapturePlayUi.csproj", "{598A5C7C-D37D-4734-82C8-FA4C8E879D4E}"
EndProject
Global
	GlobalSection(SolutionConfigurationPlatforms) = preSolution
		Debug|Any CPU = Debug|Any CPU
		Release|Any CPU = Release|Any CPU
	EndGlobalSection
	GlobalSection(ProjectConfigurationPlatforms) = postSolution
		{642C6B51-288A-4346-9432-C5B0DD56D53C}.Debug|Any CPU.ActiveCfg = Debug|Any CPU
		{642C6B51-288A-4346-9432-C5B0DD56D53C}.Debug|Any CPU.Build.0 = Debug|Any CPU
		{642C6B51-288A-4346-9432-C5B0DD56D53C}.Release|Any CPU.ActiveCfg = Release|Any CPU
		{642C6B51-288A-4346-9432-C5B0DD56D53C}.Release|Any CPU.Build.0 = Release|Any CPU
		{9E5CB8D3-81D9-47F2-A1DD-4A47D844EB2C}.Debug|Any CPU.ActiveCfg = Debug|Any CPU
		{9E5CB8D3-81D9-47F2-A1DD-4A47D844EB2C}.Debug|Any CPU.Build.0 = Debug|Any CPU
		{9E5CB8D3-81D9-47F2-A1DD-4A47D844EB2C}.Release|Any CPU.ActiveCfg = Release|Any CPU
		{9E5CB8D3-81D9-47F2-A1DD-4A47D844EB2C}.Release|Any CPU.Build.0 = Release|Any CPU
		{B8DF0CCE-FFC7-46C2-88C9-90E28B7D7771}.Debug|Any CPU.ActiveCfg = Debug|Any CPU
		{B8DF0CCE-FFC7-46C2-88C9-90E28B7D7771}.Debug|Any CPU.Build.0 = Debug|Any CPU
		{B8DF0CCE-FFC7-46C2-88C9-90E28B7D7771}.Release|Any CPU.ActiveCfg = Release|Any CPU
		{B8DF0CCE-FFC7-46C2-88C9-90E28B7D7771}.Release|Any CPU.Build.0 = Release|Any CPU
		{598A5C7C-D37D-4734-82C8-FA4C8E879D4E}.Debug|Any CPU.ActiveCfg = Debug|Any CPU
		{598A5C7C-D37D-4734-82C8-FA4C8E879D4E}.Debug|Any CPU.Build.0 = Debug|Any CPU
		{598A5C7C-D37D-4734-82C8-FA4C8E879D4E}.Release|Any CPU.ActiveCfg = Release|Any CPU
		{598A5C7C-D37D-4734-82C8-FA4C8E879D4E}.Release|Any CPU.Build.0 = Release|Any CPU
	EndGlobalSection
	GlobalSection(SolutionProperties) = preSolution
		HideSolutionNode = FALSE
	EndGlobalSection
	GlobalSection(ExtensibilityGlobals) = postSolution
		SolutionGuid = {29FCBC4B-1087-49F8-B110-87E9F7879983}
	EndGlobalSection
EndGlobal
